// !$*UTF8*$!
{
	archiveVersion = 1;
	classes = {
	};
	objectVersion = 50;
	objects = {

/* Begin PBXBuildFile section */
		CF1B24B522C35E03008FD431 /* 7-compare in Resources */ = {isa = PBXBuildFile; fileRef = CF1B24B422C35E03008FD431 /* 7-compare */; };
		CF21CBB122C2060F00F3CF8B /* grouparrow.png in Resources */ = {isa = PBXBuildFile; fileRef = CF21CBB022C2060F00F3CF8B /* grouparrow.png */; };
		CF21CBB322C20B1500F3CF8B /* ChangeDiitoViewController.swift in Sources */ = {isa = PBXBuildFile; fileRef = CF21CBB222C20B1500F3CF8B /* ChangeDiitoViewController.swift */; };
		CF21CBB522C21E5700F3CF8B /* FilterViewController.swift in Sources */ = {isa = PBXBuildFile; fileRef = CF21CBB422C21E5700F3CF8B /* FilterViewController.swift */; };
		CF21CBB922C2213200F3CF8B /* icon_filter.png in Resources */ = {isa = PBXBuildFile; fileRef = CF21CBB822C2213200F3CF8B /* icon_filter.png */; };
		CF21CBBB22C22CA000F3CF8B /* FilterUIViewController.swift in Sources */ = {isa = PBXBuildFile; fileRef = CF21CBBA22C22CA000F3CF8B /* FilterUIViewController.swift */; };
		CF21CBBD22C2302800F3CF8B /* BaseURLViewController.swift in Sources */ = {isa = PBXBuildFile; fileRef = CF21CBBC22C2302800F3CF8B /* BaseURLViewController.swift */; };
		CF21CBCB22C2424900F3CF8B /* wayfarer.png in Resources */ = {isa = PBXBuildFile; fileRef = CF21CBBE22C2424600F3CF8B /* wayfarer.png */; };
		CF21CBCC22C2424900F3CF8B /* butterfly.png in Resources */ = {isa = PBXBuildFile; fileRef = CF21CBBF22C2424700F3CF8B /* butterfly.png */; };
		CF21CBCD22C2424900F3CF8B /* octagonal.png in Resources */ = {isa = PBXBuildFile; fileRef = CF21CBC022C2424700F3CF8B /* octagonal.png */; };
		CF21CBCE22C2424900F3CF8B /* aviator.png in Resources */ = {isa = PBXBuildFile; fileRef = CF21CBC122C2424700F3CF8B /* aviator.png */; };
		CF21CBCF22C2424900F3CF8B /* cat_eye.png in Resources */ = {isa = PBXBuildFile; fileRef = CF21CBC222C2424700F3CF8B /* cat_eye.png */; };
		CF21CBD022C2424900F3CF8B /* rectangular.png in Resources */ = {isa = PBXBuildFile; fileRef = CF21CBC322C2424700F3CF8B /* rectangular.png */; };
		CF21CBD122C2424900F3CF8B /* oval.png in Resources */ = {isa = PBXBuildFile; fileRef = CF21CBC422C2424800F3CF8B /* oval.png */; };
		CF21CBD222C2424900F3CF8B /* rounded.png in Resources */ = {isa = PBXBuildFile; fileRef = CF21CBC522C2424800F3CF8B /* rounded.png */; };
		CF21CBD322C2424900F3CF8B /* hexagonal.png in Resources */ = {isa = PBXBuildFile; fileRef = CF21CBC622C2424800F3CF8B /* hexagonal.png */; };
		CF21CBD422C2424900F3CF8B /* plento.png in Resources */ = {isa = PBXBuildFile; fileRef = CF21CBC722C2424800F3CF8B /* plento.png */; };
		CF21CBD522C2424900F3CF8B /* clubmaster.png in Resources */ = {isa = PBXBuildFile; fileRef = CF21CBC822C2424900F3CF8B /* clubmaster.png */; };
		CF21CBD622C2424900F3CF8B /* sports.png in Resources */ = {isa = PBXBuildFile; fileRef = CF21CBC922C2424900F3CF8B /* sports.png */; };
		CF21CBD722C2424900F3CF8B /* square.png in Resources */ = {isa = PBXBuildFile; fileRef = CF21CBCA22C2424900F3CF8B /* square.png */; };
		CF23954F22AE6136003A586A /* MBProgressHUD.m in Sources */ = {isa = PBXBuildFile; fileRef = CF23954E22AE6136003A586A /* MBProgressHUD.m */; };
		CF638EB722BB508A005D53F0 /* WishlistViewController.swift in Sources */ = {isa = PBXBuildFile; fileRef = CF638EB622BB508A005D53F0 /* WishlistViewController.swift */; };
		CF638EB922BB5888005D53F0 /* CollectionViewController.swift in Sources */ = {isa = PBXBuildFile; fileRef = CF638EB822BB5888005D53F0 /* CollectionViewController.swift */; };
		CF638EBB22BB5E56005D53F0 /* katimages.imageset in Resources */ = {isa = PBXBuildFile; fileRef = CF638EBA22BB5E55005D53F0 /* katimages.imageset */; };
		CF638EBD22BB6BEC005D53F0 /* ShareCollectionViewController.swift in Sources */ = {isa = PBXBuildFile; fileRef = CF638EBC22BB6BEC005D53F0 /* ShareCollectionViewController.swift */; };
		CF638EC122BB9D5C005D53F0 /* BaseViewController.swift in Sources */ = {isa = PBXBuildFile; fileRef = CF638EC022BB9D5C005D53F0 /* BaseViewController.swift */; };
		CF638EC322BB9F27005D53F0 /* WishlistImageViewController.swift in Sources */ = {isa = PBXBuildFile; fileRef = CF638EC222BB9F27005D53F0 /* WishlistImageViewController.swift */; };
		CF638EC522BBA967005D53F0 /* GlobelFunctions.swift in Sources */ = {isa = PBXBuildFile; fileRef = CF638EC422BBA967005D53F0 /* GlobelFunctions.swift */; };
		CF7914E122C0F75800B562A4 /* CollectionimageViewController.swift in Sources */ = {isa = PBXBuildFile; fileRef = CF7914E022C0F75800B562A4 /* CollectionimageViewController.swift */; };
		CF7A752622A8E0C400E03536 /* AppDelegate.swift in Sources */ = {isa = PBXBuildFile; fileRef = CF7A752522A8E0C400E03536 /* AppDelegate.swift */; };
		CF7A752822A8E0C400E03536 /* ViewController.swift in Sources */ = {isa = PBXBuildFile; fileRef = CF7A752722A8E0C400E03536 /* ViewController.swift */; };
		CF7A752B22A8E0C400E03536 /* Main.storyboard in Resources */ = {isa = PBXBuildFile; fileRef = CF7A752922A8E0C400E03536 /* Main.storyboard */; };
		CF7A752D22A8E0C600E03536 /* Assets.xcassets in Resources */ = {isa = PBXBuildFile; fileRef = CF7A752C22A8E0C600E03536 /* Assets.xcassets */; };
		CF7A753022A8E0C600E03536 /* LaunchScreen.storyboard in Resources */ = {isa = PBXBuildFile; fileRef = CF7A752E22A8E0C600E03536 /* LaunchScreen.storyboard */; };
		CF7A753B22A8E0C600E03536 /* LookrStoreTests.swift in Sources */ = {isa = PBXBuildFile; fileRef = CF7A753A22A8E0C600E03536 /* LookrStoreTests.swift */; };
		CF7A754622A8E0C600E03536 /* LookrStoreUITests.swift in Sources */ = {isa = PBXBuildFile; fileRef = CF7A754522A8E0C600E03536 /* LookrStoreUITests.swift */; };
		CF7EF87922C4A064001AE1B0 /* iTunesArtwork@3x.png in Resources */ = {isa = PBXBuildFile; fileRef = CF7EF87522C4A063001AE1B0 /* iTunesArtwork@3x.png */; };
		CF7EF87A22C4A064001AE1B0 /* AppIcon.appiconset in Resources */ = {isa = PBXBuildFile; fileRef = CF7EF87622C4A064001AE1B0 /* AppIcon.appiconset */; };
		CF7EF87B22C4A064001AE1B0 /* iTunesArtwork@1x.png in Resources */ = {isa = PBXBuildFile; fileRef = CF7EF87722C4A064001AE1B0 /* iTunesArtwork@1x.png */; };
		CF7EF87C22C4A064001AE1B0 /* iTunesArtwork@2x.png in Resources */ = {isa = PBXBuildFile; fileRef = CF7EF87822C4A064001AE1B0 /* iTunesArtwork@2x.png */; };
		CFFDBABB22B23BD300B80BF6 /* DittoViewController.swift in Sources */ = {isa = PBXBuildFile; fileRef = CFFDBABA22B23BD300B80BF6 /* DittoViewController.swift */; };
/* End PBXBuildFile section */

/* Begin PBXContainerItemProxy section */
		CF7A753722A8E0C600E03536 /* PBXContainerItemProxy */ = {
			isa = PBXContainerItemProxy;
			containerPortal = CF7A751A22A8E0C400E03536 /* Project object */;
			proxyType = 1;
			remoteGlobalIDString = CF7A752122A8E0C400E03536;
			remoteInfo = LookrStore;
		};
		CF7A754222A8E0C600E03536 /* PBXContainerItemProxy */ = {
			isa = PBXContainerItemProxy;
			containerPortal = CF7A751A22A8E0C400E03536 /* Project object */;
			proxyType = 1;
			remoteGlobalIDString = CF7A752122A8E0C400E03536;
			remoteInfo = LookrStore;
		};
/* End PBXContainerItemProxy section */

/* Begin PBXFileReference section */
		CF1B24B422C35E03008FD431 /* 7-compare */ = {isa = PBXFileReference; lastKnownFileType = folder; name = "7-compare"; path = "Assets.xcassets/7-compare"; sourceTree = "<group>"; };
		CF21CBB022C2060F00F3CF8B /* grouparrow.png */ = {isa = PBXFileReference; lastKnownFileType = image.png; name = grouparrow.png; path = Assets.xcassets/grouparrow.png; sourceTree = "<group>"; };
		CF21CBB222C20B1500F3CF8B /* ChangeDiitoViewController.swift */ = {isa = PBXFileReference; lastKnownFileType = sourcecode.swift; path = ChangeDiitoViewController.swift; sourceTree = "<group>"; };
		CF21CBB422C21E5700F3CF8B /* FilterViewController.swift */ = {isa = PBXFileReference; lastKnownFileType = sourcecode.swift; path = FilterViewController.swift; sourceTree = "<group>"; };
		CF21CBB822C2213200F3CF8B /* icon_filter.png */ = {isa = PBXFileReference; lastKnownFileType = image.png; name = icon_filter.png; path = Assets.xcassets/icon_filter.png; sourceTree = "<group>"; };
		CF21CBBA22C22CA000F3CF8B /* FilterUIViewController.swift */ = {isa = PBXFileReference; lastKnownFileType = sourcecode.swift; path = FilterUIViewController.swift; sourceTree = "<group>"; };
		CF21CBBC22C2302800F3CF8B /* BaseURLViewController.swift */ = {isa = PBXFileReference; lastKnownFileType = sourcecode.swift; path = BaseURLViewController.swift; sourceTree = "<group>"; };
		CF21CBBE22C2424600F3CF8B /* wayfarer.png */ = {isa = PBXFileReference; lastKnownFileType = image.png; path = wayfarer.png; sourceTree = "<group>"; };
		CF21CBBF22C2424700F3CF8B /* butterfly.png */ = {isa = PBXFileReference; lastKnownFileType = image.png; path = butterfly.png; sourceTree = "<group>"; };
		CF21CBC022C2424700F3CF8B /* octagonal.png */ = {isa = PBXFileReference; lastKnownFileType = image.png; path = octagonal.png; sourceTree = "<group>"; };
		CF21CBC122C2424700F3CF8B /* aviator.png */ = {isa = PBXFileReference; lastKnownFileType = image.png; path = aviator.png; sourceTree = "<group>"; };
		CF21CBC222C2424700F3CF8B /* cat_eye.png */ = {isa = PBXFileReference; lastKnownFileType = image.png; path = cat_eye.png; sourceTree = "<group>"; };
		CF21CBC322C2424700F3CF8B /* rectangular.png */ = {isa = PBXFileReference; lastKnownFileType = image.png; path = rectangular.png; sourceTree = "<group>"; };
		CF21CBC422C2424800F3CF8B /* oval.png */ = {isa = PBXFileReference; lastKnownFileType = image.png; path = oval.png; sourceTree = "<group>"; };
		CF21CBC522C2424800F3CF8B /* rounded.png */ = {isa = PBXFileReference; lastKnownFileType = image.png; path = rounded.png; sourceTree = "<group>"; };
		CF21CBC622C2424800F3CF8B /* hexagonal.png */ = {isa = PBXFileReference; lastKnownFileType = image.png; path = hexagonal.png; sourceTree = "<group>"; };
		CF21CBC722C2424800F3CF8B /* plento.png */ = {isa = PBXFileReference; lastKnownFileType = image.png; path = plento.png; sourceTree = "<group>"; };
		CF21CBC822C2424900F3CF8B /* clubmaster.png */ = {isa = PBXFileReference; lastKnownFileType = image.png; path = clubmaster.png; sourceTree = "<group>"; };
		CF21CBC922C2424900F3CF8B /* sports.png */ = {isa = PBXFileReference; lastKnownFileType = image.png; path = sports.png; sourceTree = "<group>"; };
		CF21CBCA22C2424900F3CF8B /* square.png */ = {isa = PBXFileReference; lastKnownFileType = image.png; path = square.png; sourceTree = "<group>"; };
		CF23954C22AE6135003A586A /* LookrStore-Bridging-Header.h */ = {isa = PBXFileReference; lastKnownFileType = sourcecode.c.h; path = "LookrStore-Bridging-Header.h"; sourceTree = "<group>"; };
		CF23954D22AE6136003A586A /* MBProgressHUD.h */ = {isa = PBXFileReference; fileEncoding = 4; lastKnownFileType = sourcecode.c.h; path = MBProgressHUD.h; sourceTree = "<group>"; };
		CF23954E22AE6136003A586A /* MBProgressHUD.m */ = {isa = PBXFileReference; fileEncoding = 4; lastKnownFileType = sourcecode.c.objc; path = MBProgressHUD.m; sourceTree = "<group>"; };
		CF638EB622BB508A005D53F0 /* WishlistViewController.swift */ = {isa = PBXFileReference; lastKnownFileType = sourcecode.swift; path = WishlistViewController.swift; sourceTree = "<group>"; };
		CF638EB822BB5888005D53F0 /* CollectionViewController.swift */ = {isa = PBXFileReference; lastKnownFileType = sourcecode.swift; path = CollectionViewController.swift; sourceTree = "<group>"; };
		CF638EBA22BB5E55005D53F0 /* katimages.imageset */ = {isa = PBXFileReference; lastKnownFileType = folder; name = katimages.imageset; path = Assets.xcassets/katimages.imageset; sourceTree = "<group>"; };
		CF638EBC22BB6BEC005D53F0 /* ShareCollectionViewController.swift */ = {isa = PBXFileReference; lastKnownFileType = sourcecode.swift; path = ShareCollectionViewController.swift; sourceTree = "<group>"; };
		CF638EC022BB9D5C005D53F0 /* BaseViewController.swift */ = {isa = PBXFileReference; lastKnownFileType = sourcecode.swift; path = BaseViewController.swift; sourceTree = "<group>"; };
		CF638EC222BB9F27005D53F0 /* WishlistImageViewController.swift */ = {isa = PBXFileReference; lastKnownFileType = sourcecode.swift; path = WishlistImageViewController.swift; sourceTree = "<group>"; };
		CF638EC422BBA967005D53F0 /* GlobelFunctions.swift */ = {isa = PBXFileReference; lastKnownFileType = sourcecode.swift; path = GlobelFunctions.swift; sourceTree = "<group>"; };
		CF7914E022C0F75800B562A4 /* CollectionimageViewController.swift */ = {isa = PBXFileReference; lastKnownFileType = sourcecode.swift; path = CollectionimageViewController.swift; sourceTree = "<group>"; };
		CF7A752222A8E0C400E03536 /* LookrStore.app */ = {isa = PBXFileReference; explicitFileType = wrapper.application; includeInIndex = 0; path = LookrStore.app; sourceTree = BUILT_PRODUCTS_DIR; };
		CF7A752522A8E0C400E03536 /* AppDelegate.swift */ = {isa = PBXFileReference; lastKnownFileType = sourcecode.swift; path = AppDelegate.swift; sourceTree = "<group>"; };
		CF7A752722A8E0C400E03536 /* ViewController.swift */ = {isa = PBXFileReference; fileEncoding = 4; lastKnownFileType = sourcecode.swift; path = ViewController.swift; sourceTree = "<group>"; };
		CF7A752A22A8E0C400E03536 /* Base */ = {isa = PBXFileReference; lastKnownFileType = file.storyboard; name = Base; path = Base.lproj/Main.storyboard; sourceTree = "<group>"; };
		CF7A752C22A8E0C600E03536 /* Assets.xcassets */ = {isa = PBXFileReference; lastKnownFileType = folder.assetcatalog; path = Assets.xcassets; sourceTree = "<group>"; };
		CF7A752F22A8E0C600E03536 /* Base */ = {isa = PBXFileReference; lastKnownFileType = file.storyboard; name = Base; path = Base.lproj/LaunchScreen.storyboard; sourceTree = "<group>"; };
		CF7A753122A8E0C600E03536 /* Info.plist */ = {isa = PBXFileReference; lastKnownFileType = text.plist.xml; path = Info.plist; sourceTree = "<group>"; };
		CF7A753622A8E0C600E03536 /* LookrStoreTests.xctest */ = {isa = PBXFileReference; explicitFileType = wrapper.cfbundle; includeInIndex = 0; path = LookrStoreTests.xctest; sourceTree = BUILT_PRODUCTS_DIR; };
		CF7A753A22A8E0C600E03536 /* LookrStoreTests.swift */ = {isa = PBXFileReference; lastKnownFileType = sourcecode.swift; path = LookrStoreTests.swift; sourceTree = "<group>"; };
		CF7A753C22A8E0C600E03536 /* Info.plist */ = {isa = PBXFileReference; lastKnownFileType = text.plist.xml; path = Info.plist; sourceTree = "<group>"; };
		CF7A754122A8E0C600E03536 /* LookrStoreUITests.xctest */ = {isa = PBXFileReference; explicitFileType = wrapper.cfbundle; includeInIndex = 0; path = LookrStoreUITests.xctest; sourceTree = BUILT_PRODUCTS_DIR; };
		CF7A754522A8E0C600E03536 /* LookrStoreUITests.swift */ = {isa = PBXFileReference; lastKnownFileType = sourcecode.swift; path = LookrStoreUITests.swift; sourceTree = "<group>"; };
		CF7A754722A8E0C600E03536 /* Info.plist */ = {isa = PBXFileReference; lastKnownFileType = text.plist.xml; path = Info.plist; sourceTree = "<group>"; };
		CF7EF87522C4A063001AE1B0 /* iTunesArtwork@3x.png */ = {isa = PBXFileReference; lastKnownFileType = image.png; name = "iTunesArtwork@3x.png"; path = "Assets.xcassets/iTunesArtwork@3x.png"; sourceTree = "<group>"; };
		CF7EF87622C4A064001AE1B0 /* AppIcon.appiconset */ = {isa = PBXFileReference; lastKnownFileType = folder; name = AppIcon.appiconset; path = Assets.xcassets/AppIcon.appiconset; sourceTree = "<group>"; };
		CF7EF87722C4A064001AE1B0 /* iTunesArtwork@1x.png */ = {isa = PBXFileReference; lastKnownFileType = image.png; name = "iTunesArtwork@1x.png"; path = "Assets.xcassets/iTunesArtwork@1x.png"; sourceTree = "<group>"; };
		CF7EF87822C4A064001AE1B0 /* iTunesArtwork@2x.png */ = {isa = PBXFileReference; lastKnownFileType = image.png; name = "iTunesArtwork@2x.png"; path = "Assets.xcassets/iTunesArtwork@2x.png"; sourceTree = "<group>"; };
		CFFDBABA22B23BD300B80BF6 /* DittoViewController.swift */ = {isa = PBXFileReference; lastKnownFileType = sourcecode.swift; path = DittoViewController.swift; sourceTree = "<group>"; };
/* End PBXFileReference section */

/* Begin PBXFrameworksBuildPhase section */
		CF7A751F22A8E0C400E03536 /* Frameworks */ = {
			isa = PBXFrameworksBuildPhase;
			buildActionMask = 2147483647;
			files = (
			);
			runOnlyForDeploymentPostprocessing = 0;
		};
		CF7A753322A8E0C600E03536 /* Frameworks */ = {
			isa = PBXFrameworksBuildPhase;
			buildActionMask = 2147483647;
			files = (
			);
			runOnlyForDeploymentPostprocessing = 0;
		};
		CF7A753E22A8E0C600E03536 /* Frameworks */ = {
			isa = PBXFrameworksBuildPhase;
			buildActionMask = 2147483647;
			files = (
			);
			runOnlyForDeploymentPostprocessing = 0;
		};
/* End PBXFrameworksBuildPhase section */

/* Begin PBXGroup section */
		CF21CBD822C2427100F3CF8B /* image */ = {
			isa = PBXGroup;
			children = (
				CF21CBC122C2424700F3CF8B /* aviator.png */,
				CF21CBBF22C2424700F3CF8B /* butterfly.png */,
				CF21CBC222C2424700F3CF8B /* cat_eye.png */,
				CF21CBC822C2424900F3CF8B /* clubmaster.png */,
				CF21CBC622C2424800F3CF8B /* hexagonal.png */,
				CF21CBC022C2424700F3CF8B /* octagonal.png */,
				CF21CBC422C2424800F3CF8B /* oval.png */,
				CF21CBC722C2424800F3CF8B /* plento.png */,
				CF21CBC322C2424700F3CF8B /* rectangular.png */,
				CF21CBC522C2424800F3CF8B /* rounded.png */,
				CF21CBC922C2424900F3CF8B /* sports.png */,
				CF21CBCA22C2424900F3CF8B /* square.png */,
				CF21CBBE22C2424600F3CF8B /* wayfarer.png */,
			);
			name = image;
			sourceTree = "<group>";
		};
		CF7A751922A8E0C400E03536 = {
			isa = PBXGroup;
			children = (
				CF7A752422A8E0C400E03536 /* LookrStore */,
				CF7A753922A8E0C600E03536 /* LookrStoreTests */,
				CF7A754422A8E0C600E03536 /* LookrStoreUITests */,
				CF7A752322A8E0C400E03536 /* Products */,
				F7696AF68CDDDB08BF6E5A78 /* Pods */,
			);
			sourceTree = "<group>";
		};
		CF7A752322A8E0C400E03536 /* Products */ = {
			isa = PBXGroup;
			children = (
				CF7A752222A8E0C400E03536 /* LookrStore.app */,
				CF7A753622A8E0C600E03536 /* LookrStoreTests.xctest */,
				CF7A754122A8E0C600E03536 /* LookrStoreUITests.xctest */,
			);
			name = Products;
			sourceTree = "<group>";
		};
		CF7A752422A8E0C400E03536 /* LookrStore */ = {
			isa = PBXGroup;
			children = (
				CF21CBD822C2427100F3CF8B /* image */,
				CF23954D22AE6136003A586A /* MBProgressHUD.h */,
				CF23954E22AE6136003A586A /* MBProgressHUD.m */,
				CF7A752522A8E0C400E03536 /* AppDelegate.swift */,
				CF7A752722A8E0C400E03536 /* ViewController.swift */,
				CF7A752922A8E0C400E03536 /* Main.storyboard */,
				CF7A752C22A8E0C600E03536 /* Assets.xcassets */,
				CF7EF87622C4A064001AE1B0 /* AppIcon.appiconset */,
				CF7EF87722C4A064001AE1B0 /* iTunesArtwork@1x.png */,
				CF7EF87822C4A064001AE1B0 /* iTunesArtwork@2x.png */,
				CF7EF87522C4A063001AE1B0 /* iTunesArtwork@3x.png */,
				CF1B24B422C35E03008FD431 /* 7-compare */,
				CF21CBB822C2213200F3CF8B /* icon_filter.png */,
				CF21CBB022C2060F00F3CF8B /* grouparrow.png */,
				CF638EBA22BB5E55005D53F0 /* katimages.imageset */,
				CF7A752E22A8E0C600E03536 /* LaunchScreen.storyboard */,
				CF7A753122A8E0C600E03536 /* Info.plist */,
				CF23954C22AE6135003A586A /* LookrStore-Bridging-Header.h */,
				CFFDBABA22B23BD300B80BF6 /* DittoViewController.swift */,
				CF638EB622BB508A005D53F0 /* WishlistViewController.swift */,
				CF638EB822BB5888005D53F0 /* CollectionViewController.swift */,
				CF638EBC22BB6BEC005D53F0 /* ShareCollectionViewController.swift */,
				CF638EC022BB9D5C005D53F0 /* BaseViewController.swift */,
				CF638EC222BB9F27005D53F0 /* WishlistImageViewController.swift */,
				CF638EC422BBA967005D53F0 /* GlobelFunctions.swift */,
				CF7914E022C0F75800B562A4 /* CollectionimageViewController.swift */,
				CF21CBB222C20B1500F3CF8B /* ChangeDiitoViewController.swift */,
				CF21CBB422C21E5700F3CF8B /* FilterViewController.swift */,
				CF21CBBA22C22CA000F3CF8B /* FilterUIViewController.swift */,
				CF21CBBC22C2302800F3CF8B /* BaseURLViewController.swift */,
			);
			path = LookrStore;
			sourceTree = "<group>";
		};
		CF7A753922A8E0C600E03536 /* LookrStoreTests */ = {
			isa = PBXGroup;
			children = (
				CF7A753A22A8E0C600E03536 /* LookrStoreTests.swift */,
				CF7A753C22A8E0C600E03536 /* Info.plist */,
			);
			path = LookrStoreTests;
			sourceTree = "<group>";
		};
		CF7A754422A8E0C600E03536 /* LookrStoreUITests */ = {
			isa = PBXGroup;
			children = (
				CF7A754522A8E0C600E03536 /* LookrStoreUITests.swift */,
				CF7A754722A8E0C600E03536 /* Info.plist */,
			);
			path = LookrStoreUITests;
			sourceTree = "<group>";
		};
		F7696AF68CDDDB08BF6E5A78 /* Pods */ = {
			isa = PBXGroup;
			children = (
			);
			path = Pods;
			sourceTree = "<group>";
		};
/* End PBXGroup section */

/* Begin PBXNativeTarget section */
		CF7A752122A8E0C400E03536 /* LookrStore */ = {
			isa = PBXNativeTarget;
			buildConfigurationList = CF7A754A22A8E0C600E03536 /* Build configuration list for PBXNativeTarget "LookrStore" */;
			buildPhases = (
				CF7A751E22A8E0C400E03536 /* Sources */,
				CF7A751F22A8E0C400E03536 /* Frameworks */,
				CF7A752022A8E0C400E03536 /* Resources */,
			);
			buildRules = (
			);
			dependencies = (
			);
			name = LookrStore;
			productName = LookrStore;
			productReference = CF7A752222A8E0C400E03536 /* LookrStore.app */;
			productType = "com.apple.product-type.application";
		};
		CF7A753522A8E0C600E03536 /* LookrStoreTests */ = {
			isa = PBXNativeTarget;
			buildConfigurationList = CF7A754D22A8E0C600E03536 /* Build configuration list for PBXNativeTarget "LookrStoreTests" */;
			buildPhases = (
				CF7A753222A8E0C600E03536 /* Sources */,
				CF7A753322A8E0C600E03536 /* Frameworks */,
				CF7A753422A8E0C600E03536 /* Resources */,
			);
			buildRules = (
			);
			dependencies = (
				CF7A753822A8E0C600E03536 /* PBXTargetDependency */,
			);
			name = LookrStoreTests;
			productName = LookrStoreTests;
			productReference = CF7A753622A8E0C600E03536 /* LookrStoreTests.xctest */;
			productType = "com.apple.product-type.bundle.unit-test";
		};
		CF7A754022A8E0C600E03536 /* LookrStoreUITests */ = {
			isa = PBXNativeTarget;
			buildConfigurationList = CF7A755022A8E0C600E03536 /* Build configuration list for PBXNativeTarget "LookrStoreUITests" */;
			buildPhases = (
				CF7A753D22A8E0C600E03536 /* Sources */,
				CF7A753E22A8E0C600E03536 /* Frameworks */,
				CF7A753F22A8E0C600E03536 /* Resources */,
			);
			buildRules = (
			);
			dependencies = (
				CF7A754322A8E0C600E03536 /* PBXTargetDependency */,
			);
			name = LookrStoreUITests;
			productName = LookrStoreUITests;
			productReference = CF7A754122A8E0C600E03536 /* LookrStoreUITests.xctest */;
			productType = "com.apple.product-type.bundle.ui-testing";
		};
/* End PBXNativeTarget section */

/* Begin PBXProject section */
		CF7A751A22A8E0C400E03536 /* Project object */ = {
			isa = PBXProject;
			attributes = {
				LastSwiftUpdateCheck = 1020;
				LastUpgradeCheck = 1020;
				ORGANIZATIONNAME = Lenskart;
				TargetAttributes = {
					CF7A752122A8E0C400E03536 = {
						CreatedOnToolsVersion = 10.2.1;
						LastSwiftMigration = 1020;
					};
					CF7A753522A8E0C600E03536 = {
						CreatedOnToolsVersion = 10.2.1;
						TestTargetID = CF7A752122A8E0C400E03536;
					};
					CF7A754022A8E0C600E03536 = {
						CreatedOnToolsVersion = 10.2.1;
						TestTargetID = CF7A752122A8E0C400E03536;
					};
				};
			};
			buildConfigurationList = CF7A751D22A8E0C400E03536 /* Build configuration list for PBXProject "LookrStore" */;
			compatibilityVersion = "Xcode 9.3";
			developmentRegion = en;
			hasScannedForEncodings = 0;
			knownRegions = (
				en,
				Base,
			);
			mainGroup = CF7A751922A8E0C400E03536;
			productRefGroup = CF7A752322A8E0C400E03536 /* Products */;
			projectDirPath = "";
			projectRoot = "";
			targets = (
				CF7A752122A8E0C400E03536 /* LookrStore */,
				CF7A753522A8E0C600E03536 /* LookrStoreTests */,
				CF7A754022A8E0C600E03536 /* LookrStoreUITests */,
			);
		};
/* End PBXProject section */

/* Begin PBXResourcesBuildPhase section */
		CF7A752022A8E0C400E03536 /* Resources */ = {
			isa = PBXResourcesBuildPhase;
			buildActionMask = 2147483647;
			files = (
				CF21CBD322C2424900F3CF8B /* hexagonal.png in Resources */,
				CF7EF87922C4A064001AE1B0 /* iTunesArtwork@3x.png in Resources */,
				CF21CBCB22C2424900F3CF8B /* wayfarer.png in Resources */,
				CF21CBCC22C2424900F3CF8B /* butterfly.png in Resources */,
				CF7A753022A8E0C600E03536 /* LaunchScreen.storyboard in Resources */,
				CF21CBCF22C2424900F3CF8B /* cat_eye.png in Resources */,
				CF638EBB22BB5E56005D53F0 /* katimages.imageset in Resources */,
				CF21CBD622C2424900F3CF8B /* sports.png in Resources */,
				CF21CBCE22C2424900F3CF8B /* aviator.png in Resources */,
				CF21CBD022C2424900F3CF8B /* rectangular.png in Resources */,
				CF21CBD222C2424900F3CF8B /* rounded.png in Resources */,
				CF21CBD522C2424900F3CF8B /* clubmaster.png in Resources */,
				CF7A752D22A8E0C600E03536 /* Assets.xcassets in Resources */,
				CF1B24B522C35E03008FD431 /* 7-compare in Resources */,
				CF7EF87A22C4A064001AE1B0 /* AppIcon.appiconset in Resources */,
				CF21CBCD22C2424900F3CF8B /* octagonal.png in Resources */,
				CF7A752B22A8E0C400E03536 /* Main.storyboard in Resources */,
				CF21CBB922C2213200F3CF8B /* icon_filter.png in Resources */,
				CF21CBD722C2424900F3CF8B /* square.png in Resources */,
				CF7EF87C22C4A064001AE1B0 /* iTunesArtwork@2x.png in Resources */,
				CF21CBD122C2424900F3CF8B /* oval.png in Resources */,
				CF21CBB122C2060F00F3CF8B /* grouparrow.png in Resources */,
				CF7EF87B22C4A064001AE1B0 /* iTunesArtwork@1x.png in Resources */,
				CF21CBD422C2424900F3CF8B /* plento.png in Resources */,
			);
			runOnlyForDeploymentPostprocessing = 0;
		};
		CF7A753422A8E0C600E03536 /* Resources */ = {
			isa = PBXResourcesBuildPhase;
			buildActionMask = 2147483647;
			files = (
			);
			runOnlyForDeploymentPostprocessing = 0;
		};
		CF7A753F22A8E0C600E03536 /* Resources */ = {
			isa = PBXResourcesBuildPhase;
			buildActionMask = 2147483647;
			files = (
			);
			runOnlyForDeploymentPostprocessing = 0;
		};
/* End PBXResourcesBuildPhase section */

/* Begin PBXSourcesBuildPhase section */
		CF7A751E22A8E0C400E03536 /* Sources */ = {
			isa = PBXSourcesBuildPhase;
			buildActionMask = 2147483647;
			files = (
				CF21CBB522C21E5700F3CF8B /* FilterViewController.swift in Sources */,
				CF638EC522BBA967005D53F0 /* GlobelFunctions.swift in Sources */,
				CF7A752822A8E0C400E03536 /* ViewController.swift in Sources */,
				CF21CBBD22C2302800F3CF8B /* BaseURLViewController.swift in Sources */,
				CF638EC322BB9F27005D53F0 /* WishlistImageViewController.swift in Sources */,
				CF638EB722BB508A005D53F0 /* WishlistViewController.swift in Sources */,
				CF21CBBB22C22CA000F3CF8B /* FilterUIViewController.swift in Sources */,
				CF7A752622A8E0C400E03536 /* AppDelegate.swift in Sources */,
				CFFDBABB22B23BD300B80BF6 /* DittoViewController.swift in Sources */,
				CF638EBD22BB6BEC005D53F0 /* ShareCollectionViewController.swift in Sources */,
				CF638EC122BB9D5C005D53F0 /* BaseViewController.swift in Sources */,
				CF7914E122C0F75800B562A4 /* CollectionimageViewController.swift in Sources */,
				CF21CBB322C20B1500F3CF8B /* ChangeDiitoViewController.swift in Sources */,
				CF638EB922BB5888005D53F0 /* CollectionViewController.swift in Sources */,
				CF23954F22AE6136003A586A /* MBProgressHUD.m in Sources */,
			);
			runOnlyForDeploymentPostprocessing = 0;
		};
		CF7A753222A8E0C600E03536 /* Sources */ = {
			isa = PBXSourcesBuildPhase;
			buildActionMask = 2147483647;
			files = (
				CF7A753B22A8E0C600E03536 /* LookrStoreTests.swift in Sources */,
			);
			runOnlyForDeploymentPostprocessing = 0;
		};
		CF7A753D22A8E0C600E03536 /* Sources */ = {
			isa = PBXSourcesBuildPhase;
			buildActionMask = 2147483647;
			files = (
				CF7A754622A8E0C600E03536 /* LookrStoreUITests.swift in Sources */,
			);
			runOnlyForDeploymentPostprocessing = 0;
		};
/* End PBXSourcesBuildPhase section */

/* Begin PBXTargetDependency section */
		CF7A753822A8E0C600E03536 /* PBXTargetDependency */ = {
			isa = PBXTargetDependency;
			target = CF7A752122A8E0C400E03536 /* LookrStore */;
			targetProxy = CF7A753722A8E0C600E03536 /* PBXContainerItemProxy */;
		};
		CF7A754322A8E0C600E03536 /* PBXTargetDependency */ = {
			isa = PBXTargetDependency;
			target = CF7A752122A8E0C400E03536 /* LookrStore */;
			targetProxy = CF7A754222A8E0C600E03536 /* PBXContainerItemProxy */;
		};
/* End PBXTargetDependency section */

/* Begin PBXVariantGroup section */
		CF7A752922A8E0C400E03536 /* Main.storyboard */ = {
			isa = PBXVariantGroup;
			children = (
				CF7A752A22A8E0C400E03536 /* Base */,
			);
			name = Main.storyboard;
			sourceTree = "<group>";
		};
		CF7A752E22A8E0C600E03536 /* LaunchScreen.storyboard */ = {
			isa = PBXVariantGroup;
			children = (
				CF7A752F22A8E0C600E03536 /* Base */,
			);
			name = LaunchScreen.storyboard;
			sourceTree = "<group>";
		};
/* End PBXVariantGroup section */

/* Begin XCBuildConfiguration section */
		CF7A754822A8E0C600E03536 /* Debug */ = {
			isa = XCBuildConfiguration;
			buildSettings = {
				ALWAYS_SEARCH_USER_PATHS = NO;
				CLANG_ANALYZER_NONNULL = YES;
				CLANG_ANALYZER_NUMBER_OBJECT_CONVERSION = YES_AGGRESSIVE;
				CLANG_CXX_LANGUAGE_STANDARD = "gnu++14";
				CLANG_CXX_LIBRARY = "libc++";
				CLANG_ENABLE_MODULES = YES;
				CLANG_ENABLE_OBJC_ARC = YES;
				CLANG_ENABLE_OBJC_WEAK = YES;
				CLANG_WARN_BLOCK_CAPTURE_AUTORELEASING = YES;
				CLANG_WARN_BOOL_CONVERSION = YES;
				CLANG_WARN_COMMA = YES;
				CLANG_WARN_CONSTANT_CONVERSION = YES;
				CLANG_WARN_DEPRECATED_OBJC_IMPLEMENTATIONS = YES;
				CLANG_WARN_DIRECT_OBJC_ISA_USAGE = YES_ERROR;
				CLANG_WARN_DOCUMENTATION_COMMENTS = YES;
				CLANG_WARN_EMPTY_BODY = YES;
				CLANG_WARN_ENUM_CONVERSION = YES;
				CLANG_WARN_INFINITE_RECURSION = YES;
				CLANG_WARN_INT_CONVERSION = YES;
				CLANG_WARN_NON_LITERAL_NULL_CONVERSION = YES;
				CLANG_WARN_OBJC_IMPLICIT_RETAIN_SELF = YES;
				CLANG_WARN_OBJC_LITERAL_CONVERSION = YES;
				CLANG_WARN_OBJC_ROOT_CLASS = YES_ERROR;
				CLANG_WARN_RANGE_LOOP_ANALYSIS = YES;
				CLANG_WARN_STRICT_PROTOTYPES = YES;
				CLANG_WARN_SUSPICIOUS_MOVE = YES;
				CLANG_WARN_UNGUARDED_AVAILABILITY = YES_AGGRESSIVE;
				CLANG_WARN_UNREACHABLE_CODE = YES;
				CLANG_WARN__DUPLICATE_METHOD_MATCH = YES;
				CODE_SIGN_IDENTITY = "iPhone Developer";
				COPY_PHASE_STRIP = NO;
				DEBUG_INFORMATION_FORMAT = dwarf;
				ENABLE_STRICT_OBJC_MSGSEND = YES;
				ENABLE_TESTABILITY = YES;
				GCC_C_LANGUAGE_STANDARD = gnu11;
				GCC_DYNAMIC_NO_PIC = NO;
				GCC_NO_COMMON_BLOCKS = YES;
				GCC_OPTIMIZATION_LEVEL = 0;
				GCC_PREPROCESSOR_DEFINITIONS = (
					"DEBUG=1",
					"$(inherited)",
				);
				GCC_WARN_64_TO_32_BIT_CONVERSION = YES;
				GCC_WARN_ABOUT_RETURN_TYPE = YES_ERROR;
				GCC_WARN_UNDECLARED_SELECTOR = YES;
				GCC_WARN_UNINITIALIZED_AUTOS = YES_AGGRESSIVE;
				GCC_WARN_UNUSED_FUNCTION = YES;
				GCC_WARN_UNUSED_VARIABLE = YES;
				IPHONEOS_DEPLOYMENT_TARGET = 12.2;
				MTL_ENABLE_DEBUG_INFO = INCLUDE_SOURCE;
				MTL_FAST_MATH = YES;
				ONLY_ACTIVE_ARCH = YES;
				SDKROOT = iphoneos;
				SWIFT_ACTIVE_COMPILATION_CONDITIONS = DEBUG;
				SWIFT_OPTIMIZATION_LEVEL = "-Onone";
				TARGETED_DEVICE_FAMILY = 2;
			};
			name = Debug;
		};
		CF7A754922A8E0C600E03536 /* Release */ = {
			isa = XCBuildConfiguration;
			buildSettings = {
				ALWAYS_SEARCH_USER_PATHS = NO;
				CLANG_ANALYZER_NONNULL = YES;
				CLANG_ANALYZER_NUMBER_OBJECT_CONVERSION = YES_AGGRESSIVE;
				CLANG_CXX_LANGUAGE_STANDARD = "gnu++14";
				CLANG_CXX_LIBRARY = "libc++";
				CLANG_ENABLE_MODULES = YES;
				CLANG_ENABLE_OBJC_ARC = YES;
				CLANG_ENABLE_OBJC_WEAK = YES;
				CLANG_WARN_BLOCK_CAPTURE_AUTORELEASING = YES;
				CLANG_WARN_BOOL_CONVERSION = YES;
				CLANG_WARN_COMMA = YES;
				CLANG_WARN_CONSTANT_CONVERSION = YES;
				CLANG_WARN_DEPRECATED_OBJC_IMPLEMENTATIONS = YES;
				CLANG_WARN_DIRECT_OBJC_ISA_USAGE = YES_ERROR;
				CLANG_WARN_DOCUMENTATION_COMMENTS = YES;
				CLANG_WARN_EMPTY_BODY = YES;
				CLANG_WARN_ENUM_CONVERSION = YES;
				CLANG_WARN_INFINITE_RECURSION = YES;
				CLANG_WARN_INT_CONVERSION = YES;
				CLANG_WARN_NON_LITERAL_NULL_CONVERSION = YES;
				CLANG_WARN_OBJC_IMPLICIT_RETAIN_SELF = YES;
				CLANG_WARN_OBJC_LITERAL_CONVERSION = YES;
				CLANG_WARN_OBJC_ROOT_CLASS = YES_ERROR;
				CLANG_WARN_RANGE_LOOP_ANALYSIS = YES;
				CLANG_WARN_STRICT_PROTOTYPES = YES;
				CLANG_WARN_SUSPICIOUS_MOVE = YES;
				CLANG_WARN_UNGUARDED_AVAILABILITY = YES_AGGRESSIVE;
				CLANG_WARN_UNREACHABLE_CODE = YES;
				CLANG_WARN__DUPLICATE_METHOD_MATCH = YES;
				CODE_SIGN_IDENTITY = "iPhone Developer";
				COPY_PHASE_STRIP = NO;
				DEBUG_INFORMATION_FORMAT = "dwarf-with-dsym";
				ENABLE_NS_ASSERTIONS = NO;
				ENABLE_STRICT_OBJC_MSGSEND = YES;
				GCC_C_LANGUAGE_STANDARD = gnu11;
				GCC_NO_COMMON_BLOCKS = YES;
				GCC_WARN_64_TO_32_BIT_CONVERSION = YES;
				GCC_WARN_ABOUT_RETURN_TYPE = YES_ERROR;
				GCC_WARN_UNDECLARED_SELECTOR = YES;
				GCC_WARN_UNINITIALIZED_AUTOS = YES_AGGRESSIVE;
				GCC_WARN_UNUSED_FUNCTION = YES;
				GCC_WARN_UNUSED_VARIABLE = YES;
				IPHONEOS_DEPLOYMENT_TARGET = 12.2;
				MTL_ENABLE_DEBUG_INFO = NO;
				MTL_FAST_MATH = YES;
				SDKROOT = iphoneos;
				SWIFT_COMPILATION_MODE = wholemodule;
				SWIFT_OPTIMIZATION_LEVEL = "-O";
				TARGETED_DEVICE_FAMILY = 2;
				VALIDATE_PRODUCT = YES;
			};
			name = Release;
		};
		CF7A754B22A8E0C600E03536 /* Debug */ = {
			isa = XCBuildConfiguration;
			buildSettings = {
				ASSETCATALOG_COMPILER_APPICON_NAME = AppIcon;
				CLANG_ENABLE_MODULES = YES;
				CODE_SIGN_IDENTITY = "iPhone Developer";
				CODE_SIGN_STYLE = Automatic;
				DEVELOPMENT_TEAM = TWLN997R6H;
				INFOPLIST_FILE = LookrStore/Info.plist;
				IPHONEOS_DEPLOYMENT_TARGET = 9.0;
				LD_RUNPATH_SEARCH_PATHS = (
					"$(inherited)",
					"@executable_path/Frameworks",
				);
				PRODUCT_BUNDLE_IDENTIFIER = "lenskart.lookrstore-tesing";
				PRODUCT_NAME = "$(TARGET_NAME)";
				PROVISIONING_PROFILE_SPECIFIER = "";
				SWIFT_OBJC_BRIDGING_HEADER = "LookrStore/LookrStore-Bridging-Header.h";
				SWIFT_OPTIMIZATION_LEVEL = "-Onone";
				SWIFT_VERSION = 4.2;
				TARGETED_DEVICE_FAMILY = "1,2";
			};
			name = Debug;
		};
		CF7A754C22A8E0C600E03536 /* Release */ = {
			isa = XCBuildConfiguration;
			buildSettings = {
				ASSETCATALOG_COMPILER_APPICON_NAME = AppIcon;
				CLANG_ENABLE_MODULES = YES;
				CODE_SIGN_IDENTITY = "iPhone Developer";
				CODE_SIGN_STYLE = Automatic;
				DEVELOPMENT_TEAM = TWLN997R6H;
				INFOPLIST_FILE = LookrStore/Info.plist;
				IPHONEOS_DEPLOYMENT_TARGET = 9.0;
				LD_RUNPATH_SEARCH_PATHS = (
					"$(inherited)",
					"@executable_path/Frameworks",
				);
				PRODUCT_BUNDLE_IDENTIFIER = "lenskart.lookrstore-tesing";
				PRODUCT_NAME = "$(TARGET_NAME)";
				PROVISIONING_PROFILE_SPECIFIER = "";
				SWIFT_OBJC_BRIDGING_HEADER = "LookrStore/LookrStore-Bridging-Header.h";
				SWIFT_VERSION = 4.2;
				TARGETED_DEVICE_FAMILY = "1,2";
			};
			name = Release;
		};
		CF7A754E22A8E0C600E03536 /* Debug */ = {
			isa = XCBuildConfiguration;
			buildSettings = {
				ALWAYS_EMBED_SWIFT_STANDARD_LIBRARIES = YES;
				BUNDLE_LOADER = "$(TEST_HOST)";
				CODE_SIGN_STYLE = Automatic;
				INFOPLIST_FILE = LookrStoreTests/Info.plist;
				LD_RUNPATH_SEARCH_PATHS = (
					"$(inherited)",
					"@executable_path/Frameworks",
					"@loader_path/Frameworks",
				);
				PRODUCT_BUNDLE_IDENTIFIER = lenskart.LookrStoreTests;
				PRODUCT_NAME = "$(TARGET_NAME)";
				SWIFT_VERSION = 5.0;
				TARGETED_DEVICE_FAMILY = "1,2";
				TEST_HOST = "$(BUILT_PRODUCTS_DIR)/LookrStore.app/LookrStore";
			};
			name = Debug;
		};
		CF7A754F22A8E0C600E03536 /* Release */ = {
			isa = XCBuildConfiguration;
			buildSettings = {
				ALWAYS_EMBED_SWIFT_STANDARD_LIBRARIES = YES;
				BUNDLE_LOADER = "$(TEST_HOST)";
				CODE_SIGN_STYLE = Automatic;
				INFOPLIST_FILE = LookrStoreTests/Info.plist;
				LD_RUNPATH_SEARCH_PATHS = (
					"$(inherited)",
					"@executable_path/Frameworks",
					"@loader_path/Frameworks",
				);
				PRODUCT_BUNDLE_IDENTIFIER = lenskart.LookrStoreTests;
				PRODUCT_NAME = "$(TARGET_NAME)";
				SWIFT_VERSION = 5.0;
				TARGETED_DEVICE_FAMILY = "1,2";
				TEST_HOST = "$(BUILT_PRODUCTS_DIR)/LookrStore.app/LookrStore";
			};
			name = Release;
		};
		CF7A755122A8E0C600E03536 /* Debug */ = {
			isa = XCBuildConfiguration;
			buildSettings = {
				ALWAYS_EMBED_SWIFT_STANDARD_LIBRARIES = YES;
				CODE_SIGN_STYLE = Automatic;
				INFOPLIST_FILE = LookrStoreUITests/Info.plist;
				LD_RUNPATH_SEARCH_PATHS = (
					"$(inherited)",
					"@executable_path/Frameworks",
					"@loader_path/Frameworks",
				);
				PRODUCT_BUNDLE_IDENTIFIER = lenskart.LookrStoreUITests;
				PRODUCT_NAME = "$(TARGET_NAME)";
				SWIFT_VERSION = 5.0;
				TARGETED_DEVICE_FAMILY = "1,2";
				TEST_TARGET_NAME = LookrStore;
			};
			name = Debug;
		};
		CF7A755222A8E0C600E03536 /* Release */ = {
			isa = XCBuildConfiguration;
			buildSettings = {
				ALWAYS_EMBED_SWIFT_STANDARD_LIBRARIES = YES;
				CODE_SIGN_STYLE = Automatic;
				INFOPLIST_FILE = LookrStoreUITests/Info.plist;
				LD_RUNPATH_SEARCH_PATHS = (
					"$(inherited)",
					"@executable_path/Frameworks",
					"@loader_path/Frameworks",
				);
				PRODUCT_BUNDLE_IDENTIFIER = lenskart.LookrStoreUITests;
				PRODUCT_NAME = "$(TARGET_NAME)";
				SWIFT_VERSION = 5.0;
				TARGETED_DEVICE_FAMILY = "1,2";
				TEST_TARGET_NAME = LookrStore;
			};
			name = Release;
		};
/* End XCBuildConfiguration section */

/* Begin XCConfigurationList section */
		CF7A751D22A8E0C400E03536 /* Build configuration list for PBXProject "LookrStore" */ = {
			isa = XCConfigurationList;
			buildConfigurations = (
				CF7A754822A8E0C600E03536 /* Debug */,
				CF7A754922A8E0C600E03536 /* Release */,
			);
			defaultConfigurationIsVisible = 0;
			defaultConfigurationName = Release;
		};
		CF7A754A22A8E0C600E03536 /* Build configuration list for PBXNativeTarget "LookrStore" */ = {
			isa = XCConfigurationList;
			buildConfigurations = (
				CF7A754B22A8E0C600E03536 /* Debug */,
				CF7A754C22A8E0C600E03536 /* Release */,
			);
			defaultConfigurationIsVisible = 0;
			defaultConfigurationName = Release;
		};
		CF7A754D22A8E0C600E03536 /* Build configuration list for PBXNativeTarget "LookrStoreTests" */ = {
			isa = XCConfigurationList;
			buildConfigurations = (
				CF7A754E22A8E0C600E03536 /* Debug */,
				CF7A754F22A8E0C600E03536 /* Release */,
			);
			defaultConfigurationIsVisible = 0;
			defaultConfigurationName = Release;
		};
		CF7A755022A8E0C600E03536 /* Build configuration list for PBXNativeTarget "LookrStoreUITests" */ = {
			isa = XCConfigurationList;
			buildConfigurations = (
				CF7A755122A8E0C600E03536 /* Debug */,
				CF7A755222A8E0C600E03536 /* Release */,
			);
			defaultConfigurationIsVisible = 0;
			defaultConfigurationName = Release;
		};
/* End XCConfigurationList section */
	};
	rootObject = CF7A751A22A8E0C400E03536 /* Project object */;
}
